
Microsoft Visual Studio Solution File, Format Version 12.00
# Visual Studio Version 16
VisualStudioVersion = 16.0.30011.22
MinimumVisualStudioVersion = 10.0.40219.1
Project("{FAE04EC0-301F-11D3-BF4B-00C04F79EFBC}") = "lab11_Mvc", "lab11_Mvc/lab11_Mvc.csproj", "{0E270F1A-0C2F-4F63-B739-EA22CFB4E154}"
EndProject
Global
	GlobalSection(SolutionConfigurationPlatforms) = preSolution
		Debug|Any CPU = Debug|Any CPU
		Release|Any CPU = Release|Any CPU
	EndGlobalSection
	GlobalSection(ProjectConfigurationPlatforms) = postSolution
		{0E270F1A-0C2F-4F63-B739-EA22CFB4E154}.Debug|Any CPU.ActiveCfg = Debug|Any CPU
		{0E270F1A-0C2F-4F63-B739-EA22CFB4E154}.Debug|Any CPU.Build.0 = Debug|Any CPU
		{0E270F1A-0C2F-4F63-B739-EA22CFB4E154}.Release|Any CPU.ActiveCfg = Release|Any CPU
		{0E270F1A-0C2F-4F63-B739-EA22CFB4E154}.Release|Any CPU.Build.0 = Release|Any CPU
	EndGlobalSection
	GlobalSection(SolutionProperties) = preSolution
		HideSolutionNode = FALSE
	EndGlobalSection
	GlobalSection(ExtensibilityGlobals) = postSolution
		SolutionGuid = {ACD9A13F-EF28-434D-9733-1A80C53C702E}
	EndGlobalSection
EndGlobal
